{
    "_meta": {
        "hash": {
            "sha256": "ec4d8112a3d1470792c1b5e95f3f9a8d7f03e3ca219f7a56d26e1ae1bd3ae0c4"
        },
        "pipfile-spec": 6,
        "requires": {
            "python_version": "3.11"
        },
        "sources": [
            {
                "name": "pypi",
                "url": "https://pypi.org/simple",
                "verify_ssl": true
            }
        ]
    },
    "default": {
        "appnope": {
            "hashes": [
                "sha256:02bd91c4de869fbb1e1c50aafc4098827a7a54ab2f39d9dcba6c9547ed920e24",
                "sha256:265a455292d0bd8a72453494fa24df5a11eb18373a60c7c0430889f22548605e"
            ],
            "markers": "sys_platform == 'darwin'",
            "version": "==0.1.3"
        },
        "asttokens": {
            "hashes": [
                "sha256:051ed49c3dcae8913ea7cd08e46a606dba30b79993209636c4875bc1d637bc24",
                "sha256:b03869718ba9a6eb027e134bfdf69f38a236d681c83c160d510768af11254ba0"
            ],
            "version": "==2.4.1"
        },
        "backcall": {
            "hashes": [
                "sha256:5cbdbf27be5e7cfadb448baf0aa95508f91f2bbc6c6437cd9cd06e2a4c215e1e",
                "sha256:fbbce6a29f263178a1f7915c1940bde0ec2b2a967566fe1c65c1dfb7422bd255"
            ],
            "version": "==0.2.0"
        },
        "black": {
            "hashes": [
                "sha256:037e9b4664cafda5f025a1728c50a9e9aedb99a759c89f760bd83730e76ba884",
                "sha256:1b917a2aa020ca600483a7b340c165970b26e9029067f019e3755b56e8dd5916",
                "sha256:1f8ce316753428ff68749c65a5f7844631aa18c8679dfd3ca9dc1a289979c258",
                "sha256:33d40f5b06be80c1bbce17b173cda17994fbad096ce60eb22054da021bf933d1",
                "sha256:3f157a8945a7b2d424da3335f7ace89c14a3b0625e6593d21139c2d8214d55ce",
                "sha256:5ed45ac9a613fb52dad3b61c8dea2ec9510bf3108d4db88422bacc7d1ba1243d",
                "sha256:6d23d7822140e3fef190734216cefb262521789367fbdc0b3f22af6744058982",
                "sha256:7670242e90dc129c539e9ca17665e39a146a761e681805c54fbd86015c7c84f7",
                "sha256:7b4d10b0f016616a0d93d24a448100adf1699712fb7a4efd0e2c32bbb219b173",
                "sha256:7cb5936e686e782fddb1c73f8aa6f459e1ad38a6a7b0e54b403f1f05a1507ee9",
                "sha256:7d56124b7a61d092cb52cce34182a5280e160e6aff3137172a68c2c2c4b76bcb",
                "sha256:840015166dbdfbc47992871325799fd2dc0dcf9395e401ada6d88fe11498abad",
                "sha256:9c74de4c77b849e6359c6f01987e94873c707098322b91490d24296f66d067dc",
                "sha256:b15b75fc53a2fbcac8a87d3e20f69874d161beef13954747e053bca7a1ce53a0",
                "sha256:cfcce6f0a384d0da692119f2d72d79ed07c7159879d0bb1bb32d2e443382bf3a",
                "sha256:d431e6739f727bb2e0495df64a6c7a5310758e87505f5f8cde9ff6c0f2d7e4fe",
                "sha256:e293e4c2f4a992b980032bbd62df07c1bcff82d6964d6c9496f2cd726e246ace",
                "sha256:ec3f8e6234c4e46ff9e16d9ae96f4ef69fa328bb4ad08198c8cee45bb1f08c69"
            ],
            "index": "pypi",
            "version": "==23.10.1"
        },
        "boto3": {
            "hashes": [
                "sha256:a61cf96f7e196b1450afdf4856b7ea0e58080752e687b0011157be96934489be",
                "sha256:bbe377a288b6b12b526fae3b3d743318c6868626cf67e1e97f104345a5194b1e"
            ],
            "index": "pypi",
            "version": "==1.28.73"
        },
        "botocore": {
            "hashes": [
                "sha256:5334c22d5a3f4643931896137c57b2496fef005b039d87d8740e7a28eb31519d",
                "sha256:6e9caaa7205e0c0505f4868a4053e96eaf3f4b6bce0368a46970a8efeeacb492"
            ],
            "markers": "python_version >= '3.7'",
            "version": "==1.31.73"
        },
        "click": {
            "hashes": [
                "sha256:ae74fb96c20a0277a1d615f1e4d73c8414f5a98db8b799a7931d1582f3390c28",
                "sha256:ca9853ad459e787e2192211578cc907e7594e294c7ccc834310722b41b9ca6de"
            ],
            "markers": "python_version >= '3.7'",
            "version": "==8.1.7"
        },
        "decorator": {
            "hashes": [
                "sha256:637996211036b6385ef91435e4fae22989472f9d571faba8927ba8253acbc330",
                "sha256:b8c3f85900b9dc423225913c5aace94729fe1fa9763b38939a95226f02d37186"
            ],
            "markers": "python_version >= '3.5'",
            "version": "==5.1.1"
        },
        "duckdb": {
            "hashes": [
                "sha256:08c5484ac06ab714f745526d791141f547e2f5ac92f97a0a1b37dfbb3ea1bd13",
                "sha256:0c55397bed0087ec4445b96f8d55f924680f6d40fbaa7f2e35468c54367214a5",
                "sha256:1039e073714d668cef9069bb02c2a6756c7969cedda0bff1332520c4462951c8",
                "sha256:12cf9fb441a32702e31534330a7b4d569083d46a91bf185e0c9415000a978789",
                "sha256:151f5410c32f8f8fe03bf23462b9604349bc0b4bd3a51049bbf5e6a482a435e8",
                "sha256:16b9a7efc745bc3c5d1018c3a2f58d9e6ce49c0446819a9600fdba5f78e54c47",
                "sha256:1de56d8b7bd7a7653428c1bd4b8948316df488626d27e9c388194f2e0d1428d4",
                "sha256:1fb6cd590b1bb4e31fde8efd25fedfbfa19a86fa72789fa5b31a71da0d95bce4",
                "sha256:3261696130f1cfb955735647c93297b4a6241753fb0de26c05d96d50986c6347",
                "sha256:3367d10096ff2b7919cedddcf60d308d22d6e53e72ee2702f6e6ca03d361004a",
                "sha256:4f27f5e94c47df6c4ccddf18e3277b7464eea3db07356d2c4bf033b5c88359b8",
                "sha256:5b3da4da73422a3235c3500b3fb541ac546adb3e35642ef1119dbcd9cc7f68b8",
                "sha256:5eb750f2ee44397a61343f32ee9d9e8c8b5d053fa27ba4185d0e31507157f130",
                "sha256:603a878746015a3f2363a65eb48bcbec816261b6ee8d71eee53061117f6eef9d",
                "sha256:64c04b1728e3e37cf93748829b5d1e028227deea75115bb5ead01c608ece44b1",
                "sha256:66b0b60167f5537772e9f5af940e69dcf50e66f5247732b8bb84a493a9af6055",
                "sha256:6c724e105ecd78c8d86b3c03639b24e1df982392fc836705eb007e4b1b488864",
                "sha256:704700a4b469e3bb1a7e85ac12e58037daaf2b555ef64a3fe2913ffef7bd585b",
                "sha256:73bc0d715b79566b3ede00c367235cfcce67be0eddda06e17665c7a233d6854a",
                "sha256:75f12c5a3086079fb6440122565f1762ef1a610a954f2d8081014c1dd0646e1a",
                "sha256:77379f7f1f8b4dc98e01f8f6f8f15a0858cf456e2385e22507f3cb93348a88f9",
                "sha256:7e6ac4c28918e1d278a89ff26fd528882aa823868ed530df69d6c8a193ae4e41",
                "sha256:92c8f738489838666cae9ef41703f8b16f660bb146970d1eba8b2c06cb3afa39",
                "sha256:99567496e45b55c67427133dc916013e8eb20a811fc7079213f5f03b2a4f5fc0",
                "sha256:9c1d066fdae22b9b711b1603541651a378017645f9fbc4adc9764b2f3c9e9e4a",
                "sha256:9fae3d4f83ebcb47995f6acad7c6d57d003a9b6f0e1b31f79a3edd6feb377443",
                "sha256:aea2a46881d75dc069a242cb164642d7a4f792889010fb98210953ab7ff48849",
                "sha256:b70e23c14746904ca5de316436e43a685eb769c67fe3dbfaacbd3cce996c5045",
                "sha256:c38044e5f78c0c7b58e9f937dcc6c34de17e9ca6be42f9f8f1a5a239f7a847a5",
                "sha256:cf55b303b7b1a8c2165a96e609eb30484bc47481d94a5fb1e23123e728df0a74",
                "sha256:d26622c3b4ea6a8328d95882059e3cc646cdc62d267d48d09e55988a3bba0165",
                "sha256:d43cd7e6f783006b59dcc5e40fcf157d21ee3d0c8dfced35278091209e9974d7",
                "sha256:d88a119f1cb41911a22f08a6f084d061a8c864e28b9433435beb50a56b0d06bb",
                "sha256:e666795887d9cf1d6b6f6cbb9d487270680e5ff6205ebc54b2308151f13b8cff",
                "sha256:eb5af8e89d40fc4baab1515787ea1520a6c6cf6aa40ab9f107df6c3a75686ce1",
                "sha256:eca00c0c2062c0265c6c0e78ca2f6a30611b28f3afef062036610e9fc9d4a67d",
                "sha256:ed3dcedfc7a9449b6d73f9a2715c730180056e0ba837123e7967be1cd3935081",
                "sha256:f66d3c07c7f6938d3277294677eb7dad75165e7c57c8dd505503fc5ef10f67ad",
                "sha256:fdfd85575ce9540e593d5d25c9d32050bd636c27786afd7b776aae0f6432b55e"
            ],
            "index": "pypi",
            "version": "==0.9.1"
        },
        "executing": {
            "hashes": [
                "sha256:06df6183df67389625f4e763921c6cf978944721abf3e714000200aab95b0657",
                "sha256:0ff053696fdeef426cda5bd18eacd94f82c91f49823a2e9090124212ceea9b08"
            ],
            "version": "==2.0.0"
        },
        "factory-boy": {
            "hashes": [
                "sha256:a2cdbdb63228177aa4f1c52f4b6d83fab2b8623bf602c7dedd7eb83c0f69c04c",
                "sha256:bc76d97d1a65bbd9842a6d722882098eb549ec8ee1081f9fb2e8ff29f0c300f1"
            ],
            "index": "pypi",
            "version": "==3.3.0"
        },
        "faker": {
            "hashes": [
                "sha256:5990380a8ee81cf189d6b85d5fdc1fb43772cb136aca0385a08ff24ef01b9fdf",
                "sha256:91438f6b1713274ec3f24970ba303617be86ce5caf6f6a0776f1d04777b6ff5f"
            ],
            "index": "pypi",
            "version": "==19.12.0"
        },
        "ipython": {
            "hashes": [
                "sha256:0852469d4d579d9cd613c220af7bf0c9cc251813e12be647cb9d463939db9b1e",
                "sha256:ad52f58fca8f9f848e256c629eff888efc0528c12fe0f8ec14f33205f23ef938"
            ],
            "index": "pypi",
            "version": "==8.16.1"
        },
        "isort": {
            "hashes": [
                "sha256:8bef7dde241278824a6d83f44a544709b065191b95b6e50894bdc722fcba0504",
                "sha256:f84c2818376e66cf843d497486ea8fed8700b340f308f076c6fb1229dff318b6"
            ],
            "index": "pypi",
            "version": "==5.12.0"
        },
        "jedi": {
            "hashes": [
                "sha256:cf0496f3651bc65d7174ac1b7d043eff454892c708a87d1b683e57b569927ffd",
                "sha256:e983c654fe5c02867aef4cdfce5a2fbb4a50adc0af145f70504238f18ef5e7e0"
            ],
            "markers": "python_version >= '3.6'",
            "version": "==0.19.1"
        },
        "jmespath": {
            "hashes": [
                "sha256:02e2e4cc71b5bcab88332eebf907519190dd9e6e82107fa7f83b1003a6252980",
                "sha256:90261b206d6defd58fdd5e85f478bf633a2901798906be2ad389150c5c60edbe"
            ],
            "markers": "python_version >= '3.7'",
            "version": "==1.0.1"
        },
        "matplotlib-inline": {
            "hashes": [
                "sha256:f1f41aab5328aa5aaea9b16d083b128102f8712542f819fe7e6a420ff581b311",
                "sha256:f887e5f10ba98e8d2b150ddcf4702c1e5f8b3a20005eb0f74bfdbd360ee6f304"
            ],
            "markers": "python_version >= '3.5'",
            "version": "==0.1.6"
        },
        "mypy-extensions": {
            "hashes": [
                "sha256:4392f6c0eb8a5668a69e23d168ffa70f0be9ccfd32b5cc2d26a34ae5b844552d",
                "sha256:75dbf8955dc00442a438fc4d0666508a9a97b6bd41aa2f0ffe9d2f2725af0782"
            ],
            "markers": "python_version >= '3.5'",
            "version": "==1.0.0"
        },
        "numpy": {
            "hashes": [
                "sha256:06934e1a22c54636a059215d6da99e23286424f316fddd979f5071093b648668",
                "sha256:1c59c046c31a43310ad0199d6299e59f57a289e22f0f36951ced1c9eac3665b9",
                "sha256:1d1bd82d539607951cac963388534da3b7ea0e18b149a53cf883d8f699178c0f",
                "sha256:1e11668d6f756ca5ef534b5be8653d16c5352cbb210a5c2a79ff288e937010d5",
                "sha256:3649d566e2fc067597125428db15d60eb42a4e0897fc48d28cb75dc2e0454e53",
                "sha256:59227c981d43425ca5e5c01094d59eb14e8772ce6975d4b2fc1e106a833d5ae2",
                "sha256:6081aed64714a18c72b168a9276095ef9155dd7888b9e74b5987808f0dd0a974",
                "sha256:6965888d65d2848e8768824ca8288db0a81263c1efccec881cb35a0d805fcd2f",
                "sha256:76ff661a867d9272cd2a99eed002470f46dbe0943a5ffd140f49be84f68ffc42",
                "sha256:78ca54b2f9daffa5f323f34cdf21e1d9779a54073f0018a3094ab907938331a2",
                "sha256:82e871307a6331b5f09efda3c22e03c095d957f04bf6bc1804f30048d0e5e7af",
                "sha256:8ab9163ca8aeb7fd32fe93866490654d2f7dda4e61bc6297bf72ce07fdc02f67",
                "sha256:9696aa2e35cc41e398a6d42d147cf326f8f9d81befcb399bc1ed7ffea339b64e",
                "sha256:97e5d6a9f0702c2863aaabf19f0d1b6c2628fbe476438ce0b5ce06e83085064c",
                "sha256:9f42284ebf91bdf32fafac29d29d4c07e5e9d1af862ea73686581773ef9e73a7",
                "sha256:a03fb25610ef560a6201ff06df4f8105292ba56e7cdd196ea350d123fc32e24e",
                "sha256:a5b411040beead47a228bde3b2241100454a6abde9df139ed087bd73fc0a4908",
                "sha256:af22f3d8e228d84d1c0c44c1fbdeb80f97a15a0abe4f080960393a00db733b66",
                "sha256:afd5ced4e5a96dac6725daeb5242a35494243f2239244fad10a90ce58b071d24",
                "sha256:b9d45d1dbb9de84894cc50efece5b09939752a2d75aab3a8b0cef6f3a35ecd6b",
                "sha256:bb894accfd16b867d8643fc2ba6c8617c78ba2828051e9a69511644ce86ce83e",
                "sha256:c8c6c72d4a9f831f328efb1312642a1cafafaa88981d9ab76368d50d07d93cbe",
                "sha256:cd7837b2b734ca72959a1caf3309457a318c934abef7a43a14bb984e574bbb9a",
                "sha256:cdd9ec98f0063d93baeb01aad472a1a0840dee302842a2746a7a8e92968f9575",
                "sha256:d1cfc92db6af1fd37a7bb58e55c8383b4aa1ba23d012bdbba26b4bcca45ac297",
                "sha256:d1d2c6b7dd618c41e202c59c1413ef9b2c8e8a15f5039e344af64195459e3104",
                "sha256:d2984cb6caaf05294b8466966627e80bf6c7afd273279077679cb010acb0e5ab",
                "sha256:d58e8c51a7cf43090d124d5073bc29ab2755822181fcad978b12e144e5e5a4b3",
                "sha256:d78f269e0c4fd365fc2992c00353e4530d274ba68f15e968d8bc3c69ce5f5244",
                "sha256:dcfaf015b79d1f9f9c9fd0731a907407dc3e45769262d657d754c3a028586124",
                "sha256:e44ccb93f30c75dfc0c3aa3ce38f33486a75ec9abadabd4e59f114994a9c4617",
                "sha256:e509cbc488c735b43b5ffea175235cec24bbc57b227ef1acc691725beb230d1c"
            ],
            "index": "pypi",
            "version": "==1.26.1"
        },
        "packaging": {
            "hashes": [
                "sha256:048fb0e9405036518eaaf48a55953c750c11e1a1b68e0dd1a9d62ed0c092cfc5",
                "sha256:8c491190033a9af7e1d931d0b5dacc2ef47509b34dd0de67ed209b5203fc88c7"
            ],
            "markers": "python_version >= '3.7'",
            "version": "==23.2"
        },
        "pandas": {
            "hashes": [
                "sha256:021f09c15e1381e202d95d4a21ece8e7f2bf1388b6d7e9cae09dfe27bd2043d1",
                "sha256:02954e285e8e2f4006b6f22be6f0df1f1c3c97adbb7ed211c6b483426f20d5c8",
                "sha256:08d287b68fd28906a94564f15118a7ca8c242e50ae7f8bd91130c362b2108a81",
                "sha256:24057459f19db9ebb02984c6fdd164a970b31a95f38e4a49cf7615b36a1b532c",
                "sha256:25c9976c17311388fcd953cb3d0697999b2205333f4e11e669d90ff8d830d429",
                "sha256:3223f997b6d2ebf9c010260cf3d889848a93f5d22bb4d14cd32638b3d8bba7ad",
                "sha256:3f76280ce8ec216dde336e55b2b82e883401cf466da0fe3be317c03fb8ee7c7d",
                "sha256:52867d69a54e71666cd184b04e839cff7dfc8ed0cd6b936995117fdae8790b69",
                "sha256:52897edc2774d2779fbeb6880d2cfb305daa0b1a29c16b91f531a18918a6e0f3",
                "sha256:5aa6b86802e8cf7716bf4b4b5a3c99b12d34e9c6a9d06dad254447a620437931",
                "sha256:5b40c9f494e1f27588c369b9e4a6ca19cd924b3a0e1ef9ef1a8e30a07a438f43",
                "sha256:65177d1c519b55e5b7f094c660ed357bb7d86e799686bb71653b8a4803d8ff0d",
                "sha256:6ae6ffbd9d614c20d028c7117ee911fc4e266b4dca2065d5c5909e401f8ff683",
                "sha256:7ad20d24acf3a0042512b7e8d8fdc2e827126ed519d6bd1ed8e6c14ec8a2c813",
                "sha256:83c166b9bb27c1715bed94495d9598a7f02950b4749dba9349c1dd2cbf10729d",
                "sha256:851b5afbb0d62f6129ae891b533aa508cc357d5892c240c91933d945fff15731",
                "sha256:8d0382645ede2fde352da2a885aac28ec37d38587864c0689b4b2361d17b1d4c",
                "sha256:a6cf8fcc8a63d333970b950a7331a30544cf59b1a97baf0a7409e09eafc1ac38",
                "sha256:bbd98dcdcd32f408947afdb3f7434fade6edd408c3077bbce7bd840d654d92c6",
                "sha256:d594e2ce51b8e0b4074e6644758865dc2bb13fd654450c1eae51201260a539f1",
                "sha256:e78507adcc730533619de07bfdd1c62b2918a68cd4419ea386e28abf7f6a1e5c",
                "sha256:e7f12b2de0060b0b858cfec0016e7d980ae5bae455a1746bfcc70929100ee633",
                "sha256:e90c95abb3285d06f6e4feedafc134306a8eced93cb78e08cf50e224d5ce22e2",
                "sha256:eff794eeb7883c5aefb1ed572e7ff533ae779f6c6277849eab9e77986e352688",
                "sha256:fc4944dc004ca6cc701dfa19afb8bdb26ad36b9bed5bcec617d2a11e9cae6902"
            ],
            "index": "pypi",
            "version": "==2.1.2"
        },
        "parso": {
            "hashes": [
                "sha256:8c07be290bb59f03588915921e29e8a50002acaf2cdc5fa0e0114f91709fafa0",
                "sha256:c001d4636cd3aecdaf33cbb40aebb59b094be2a74c556778ef5576c175e19e75"
            ],
            "markers": "python_version >= '3.6'",
            "version": "==0.8.3"
        },
        "pathspec": {
            "hashes": [
                "sha256:1d6ed233af05e679efb96b1851550ea95bbb64b7c490b0f5aa52996c11e92a20",
                "sha256:e0d8d0ac2f12da61956eb2306b69f9469b42f4deb0f3cb6ed47b9cce9996ced3"
            ],
            "markers": "python_version >= '3.7'",
            "version": "==0.11.2"
        },
        "pexpect": {
            "hashes": [
                "sha256:0b48a55dcb3c05f3329815901ea4fc1537514d6ba867a152b581d69ae3710937",
                "sha256:fc65a43959d153d0114afe13997d439c22823a27cefceb5ff35c2178c6784c0c"
            ],
            "markers": "sys_platform != 'win32'",
            "version": "==4.8.0"
        },
        "pickleshare": {
            "hashes": [
                "sha256:87683d47965c1da65cdacaf31c8441d12b8044cdec9aca500cd78fc2c683afca",
                "sha256:9649af414d74d4df115d5d718f82acb59c9d418196b7b4290ed47a12ce62df56"
            ],
            "version": "==0.7.5"
        },
        "platformdirs": {
            "hashes": [
                "sha256:cf8ee52a3afdb965072dcc652433e0c7e3e40cf5ea1477cd4b3b1d2eb75495b3",
                "sha256:e9d171d00af68be50e9202731309c4e658fd8bc76f55c11c7dd760d023bda68e"
            ],
            "markers": "python_version >= '3.7'",
            "version": "==3.11.0"
        },
        "polars": {
            "hashes": [
                "sha256:156eab31d9f9bac218bbd391559c667848372a5c584472784695e4fac087fd5b",
                "sha256:2ac2890c96736dee83335b1f0b403233aba18b86760505e81eb9f96112afc55d",
                "sha256:95be83cb0bbd2d608849e24a973ea3135bd25ae6ce7168e31ad25a02e7773122",
                "sha256:a5c6cf2aa2d301230a80277f8711646453b89eadd6058baf30b7104f420daad2",
                "sha256:c76c2107260a1ca8a57f02d77ea12dc4db2090d7404b814570474db0392ecf6b",
                "sha256:de8158e5f09346ec4622057b7afa7e5339eed61c3c3e874b469c9cb27339df51"
            ],
            "index": "pypi",
            "version": "==0.19.11"
        },
        "prompt-toolkit": {
            "hashes": [
                "sha256:04505ade687dc26dc4284b1ad19a83be2f2afe83e7a828ace0c72f3a1df72aac",
                "sha256:9dffbe1d8acf91e3de75f3b544e4842382fc06c6babe903ac9acb74dc6e08d88"
            ],
            "markers": "python_version >= '3.7'",
            "version": "==3.0.39"
        },
        "psycopg2-binary": {
            "hashes": [
                "sha256:03ef7df18daf2c4c07e2695e8cfd5ee7f748a1d54d802330985a78d2a5a6dca9",
                "sha256:0a602ea5aff39bb9fac6308e9c9d82b9a35c2bf288e184a816002c9fae930b77",
                "sha256:0c009475ee389757e6e34611d75f6e4f05f0cf5ebb76c6037508318e1a1e0d7e",
                "sha256:0ef4854e82c09e84cc63084a9e4ccd6d9b154f1dbdd283efb92ecd0b5e2b8c84",
                "sha256:1236ed0952fbd919c100bc839eaa4a39ebc397ed1c08a97fc45fee2a595aa1b3",
                "sha256:143072318f793f53819048fdfe30c321890af0c3ec7cb1dfc9cc87aa88241de2",
                "sha256:15208be1c50b99203fe88d15695f22a5bed95ab3f84354c494bcb1d08557df67",
                "sha256:1873aade94b74715be2246321c8650cabf5a0d098a95bab81145ffffa4c13876",
                "sha256:18d0ef97766055fec15b5de2c06dd8e7654705ce3e5e5eed3b6651a1d2a9a152",
                "sha256:1ea665f8ce695bcc37a90ee52de7a7980be5161375d42a0b6c6abedbf0d81f0f",
                "sha256:2293b001e319ab0d869d660a704942c9e2cce19745262a8aba2115ef41a0a42a",
                "sha256:246b123cc54bb5361588acc54218c8c9fb73068bf227a4a531d8ed56fa3ca7d6",
                "sha256:275ff571376626195ab95a746e6a04c7df8ea34638b99fc11160de91f2fef503",
                "sha256:281309265596e388ef483250db3640e5f414168c5a67e9c665cafce9492eda2f",
                "sha256:2d423c8d8a3c82d08fe8af900ad5b613ce3632a1249fd6a223941d0735fce493",
                "sha256:2e5afae772c00980525f6d6ecf7cbca55676296b580c0e6abb407f15f3706996",
                "sha256:30dcc86377618a4c8f3b72418df92e77be4254d8f89f14b8e8f57d6d43603c0f",
                "sha256:31a34c508c003a4347d389a9e6fcc2307cc2150eb516462a7a17512130de109e",
                "sha256:323ba25b92454adb36fa425dc5cf6f8f19f78948cbad2e7bc6cdf7b0d7982e59",
                "sha256:34eccd14566f8fe14b2b95bb13b11572f7c7d5c36da61caf414d23b91fcc5d94",
                "sha256:3a58c98a7e9c021f357348867f537017057c2ed7f77337fd914d0bedb35dace7",
                "sha256:3f78fd71c4f43a13d342be74ebbc0666fe1f555b8837eb113cb7416856c79682",
                "sha256:4154ad09dac630a0f13f37b583eae260c6aa885d67dfbccb5b02c33f31a6d420",
                "sha256:420f9bbf47a02616e8554e825208cb947969451978dceb77f95ad09c37791dae",
                "sha256:4686818798f9194d03c9129a4d9a702d9e113a89cb03bffe08c6cf799e053291",
                "sha256:57fede879f08d23c85140a360c6a77709113efd1c993923c59fde17aa27599fe",
                "sha256:60989127da422b74a04345096c10d416c2b41bd7bf2a380eb541059e4e999980",
                "sha256:68fc1f1ba168724771e38bee37d940d2865cb0f562380a1fb1ffb428b75cb692",
                "sha256:6e6f98446430fdf41bd36d4faa6cb409f5140c1c2cf58ce0bbdaf16af7d3f119",
                "sha256:729177eaf0aefca0994ce4cffe96ad3c75e377c7b6f4efa59ebf003b6d398716",
                "sha256:72dffbd8b4194858d0941062a9766f8297e8868e1dd07a7b36212aaa90f49472",
                "sha256:75723c3c0fbbf34350b46a3199eb50638ab22a0228f93fb472ef4d9becc2382b",
                "sha256:77853062a2c45be16fd6b8d6de2a99278ee1d985a7bd8b103e97e41c034006d2",
                "sha256:78151aa3ec21dccd5cdef6c74c3e73386dcdfaf19bced944169697d7ac7482fc",
                "sha256:7f01846810177d829c7692f1f5ada8096762d9172af1b1a28d4ab5b77c923c1c",
                "sha256:804d99b24ad523a1fe18cc707bf741670332f7c7412e9d49cb5eab67e886b9b5",
                "sha256:8359bf4791968c5a78c56103702000105501adb557f3cf772b2c207284273984",
                "sha256:83791a65b51ad6ee6cf0845634859d69a038ea9b03d7b26e703f94c7e93dbcf9",
                "sha256:8532fd6e6e2dc57bcb3bc90b079c60de896d2128c5d9d6f24a63875a95a088cf",
                "sha256:876801744b0dee379e4e3c38b76fc89f88834bb15bf92ee07d94acd06ec890a0",
                "sha256:8dbf6d1bc73f1d04ec1734bae3b4fb0ee3cb2a493d35ede9badbeb901fb40f6f",
                "sha256:8f8544b092a29a6ddd72f3556a9fcf249ec412e10ad28be6a0c0d948924f2212",
                "sha256:911dda9c487075abd54e644ccdf5e5c16773470a6a5d3826fda76699410066fb",
                "sha256:977646e05232579d2e7b9c59e21dbe5261f403a88417f6a6512e70d3f8a046be",
                "sha256:9dba73be7305b399924709b91682299794887cbbd88e38226ed9f6712eabee90",
                "sha256:a148c5d507bb9b4f2030a2025c545fccb0e1ef317393eaba42e7eabd28eb6041",
                "sha256:a6cdcc3ede532f4a4b96000b6362099591ab4a3e913d70bcbac2b56c872446f7",
                "sha256:ac05fb791acf5e1a3e39402641827780fe44d27e72567a000412c648a85ba860",
                "sha256:b58b4710c7f4161b5e9dcbe73bb7c62d65670a87df7bcce9e1faaad43e715245",
                "sha256:b6356793b84728d9d50ead16ab43c187673831e9d4019013f1402c41b1db9b27",
                "sha256:b76bedd166805480ab069612119ea636f5ab8f8771e640ae103e05a4aae3e417",
                "sha256:bc7bb56d04601d443f24094e9e31ae6deec9ccb23581f75343feebaf30423359",
                "sha256:c2470da5418b76232f02a2fcd2229537bb2d5a7096674ce61859c3229f2eb202",
                "sha256:c332c8d69fb64979ebf76613c66b985414927a40f8defa16cf1bc028b7b0a7b0",
                "sha256:c6af2a6d4b7ee9615cbb162b0738f6e1fd1f5c3eda7e5da17861eacf4c717ea7",
                "sha256:c77e3d1862452565875eb31bdb45ac62502feabbd53429fdc39a1cc341d681ba",
                "sha256:ca08decd2697fdea0aea364b370b1249d47336aec935f87b8bbfd7da5b2ee9c1",
                "sha256:ca49a8119c6cbd77375ae303b0cfd8c11f011abbbd64601167ecca18a87e7cdd",
                "sha256:cb16c65dcb648d0a43a2521f2f0a2300f40639f6f8c1ecbc662141e4e3e1ee07",
                "sha256:d2997c458c690ec2bc6b0b7ecbafd02b029b7b4283078d3b32a852a7ce3ddd98",
                "sha256:d3f82c171b4ccd83bbaf35aa05e44e690113bd4f3b7b6cc54d2219b132f3ae55",
                "sha256:dc4926288b2a3e9fd7b50dc6a1909a13bbdadfc67d93f3374d984e56f885579d",
                "sha256:ead20f7913a9c1e894aebe47cccf9dc834e1618b7aa96155d2091a626e59c972",
                "sha256:ebdc36bea43063116f0486869652cb2ed7032dbc59fbcb4445c4862b5c1ecf7f",
                "sha256:ed1184ab8f113e8d660ce49a56390ca181f2981066acc27cf637d5c1e10ce46e",
                "sha256:ee825e70b1a209475622f7f7b776785bd68f34af6e7a46e2e42f27b659b5bc26",
                "sha256:f7ae5d65ccfbebdfa761585228eb4d0df3a8b15cfb53bd953e713e09fbb12957",
                "sha256:f7fc5a5acafb7d6ccca13bfa8c90f8c51f13d8fb87d95656d3950f0158d3ce53",
                "sha256:f9b5571d33660d5009a8b3c25dc1db560206e2d2f89d3df1cb32d72c0d117d52"
            ],
            "index": "pypi",
            "version": "==2.9.9"
        },
        "ptyprocess": {
            "hashes": [
                "sha256:4b41f3967fce3af57cc7e94b888626c18bf37a083e3651ca8feeb66d492fef35",
                "sha256:5c5d0a3b48ceee0b48485e0c26037c0acd7d29765ca3fbb5cb3831d347423220"
            ],
            "version": "==0.7.0"
        },
        "pure-eval": {
            "hashes": [
                "sha256:01eaab343580944bc56080ebe0a674b39ec44a945e6d09ba7db3cb8cec289350",
                "sha256:2b45320af6dfaa1750f543d714b6d1c520a1688dec6fd24d339063ce0aaa9ac3"
            ],
            "version": "==0.2.2"
        },
        "pyarrow": {
            "hashes": [
                "sha256:09552dad5cf3de2dc0aba1c7c4b470754c69bd821f5faafc3d774bedc3b04bb7",
                "sha256:0f6eff839a9e40e9c5610d3ff8c5bdd2f10303408312caf4c8003285d0b49565",
                "sha256:1afcc2c33f31f6fb25c92d50a86b7a9f076d38acbcb6f9e74349636109550148",
                "sha256:3896ae6c205d73ad192d2fc1489cd0edfab9f12867c85b4c277af4d37383c18c",
                "sha256:47663efc9c395e31d09c6aacfa860f4473815ad6804311c5433f7085415d62a7",
                "sha256:51be67e29f3cfcde263a113c28e96aa04362ed8229cb7c6e5f5c719003659d33",
                "sha256:588f0d2da6cf1b1680974d63be09a6530fd1bd825dc87f76e162404779a157dc",
                "sha256:6241afd72b628787b4abea39e238e3ff9f34165273fad306c7acf780dd850956",
                "sha256:6647444b21cb5e68b593b970b2a9a07748dd74ea457c7dadaa15fd469c48ada1",
                "sha256:68fcd2dc1b7d9310b29a15949cdd0cb9bc34b6de767aff979ebf546020bf0ba0",
                "sha256:69b6f9a089d116a82c3ed819eea8fe67dae6105f0d81eaf0fdd5e60d0c6e0944",
                "sha256:70fa38cdc66b2fc1349a082987f2b499d51d072faaa6b600f71931150de2e0e3",
                "sha256:83333726e83ed44b0ac94d8d7a21bbdee4a05029c3b1e8db58a863eec8fd8a33",
                "sha256:868a073fd0ff6468ae7d869b5fc1f54de5c4255b37f44fb890385eb68b68f95d",
                "sha256:8b30a27f1cddf5c6efcb67e598d7823a1e253d743d92ac32ec1eb4b6a1417867",
                "sha256:aac0ae0146a9bfa5e12d87dda89d9ef7c57a96210b899459fc2f785303dcbb67",
                "sha256:ab1268db81aeb241200e321e220e7cd769762f386f92f61b898352dd27e402ce",
                "sha256:b9ba6b6d34bd2563345488cf444510588ea42ad5613df3b3509f48eb80250afd",
                "sha256:c51afd87c35c8331b56f796eff954b9c7f8d4b7fef5903daf4e05fcf017d23a8",
                "sha256:cd57b13a6466822498238877892a9b287b0a58c2e81e4bdb0b596dbb151cbb73",
                "sha256:d00d374a5625beeb448a7fa23060df79adb596074beb3ddc1838adb647b6ef09",
                "sha256:d1b4e7176443d12610874bb84d0060bf080f000ea9ed7c84b2801df851320295",
                "sha256:d7759994217c86c161c6a8060509cfdf782b952163569606bb373828afdd82e8",
                "sha256:dc6fd330fd574c51d10638e63c0d00ab456498fc804c9d01f2a61b9264f2c5b2",
                "sha256:e3ad79455c197a36eefbd90ad4aa832bece7f830a64396c15c61a0985e337287",
                "sha256:e66442e084979a97bb66939e18f7b8709e4ac5f887e636aba29486ffbf373763",
                "sha256:ee7490f0f3f16a6c38f8c680949551053c8194e68de5046e6c288e396dccee80",
                "sha256:f8ce69f7bf01de2e2764e14df45b8404fc6f1a5ed9871e8e08a12169f87b7a26",
                "sha256:fda7857e35993673fcda603c07d43889fca60a5b254052a462653f8656c64f44"
            ],
            "index": "pypi",
            "version": "==13.0.0"
        },
        "pygments": {
            "hashes": [
                "sha256:13fc09fa63bc8d8671a6d247e1eb303c4b343eaee81d861f3404db2935653692",
                "sha256:1daff0494820c69bc8941e407aa20f577374ee88364ee10a98fdbe0aece96e29"
            ],
            "markers": "python_version >= '3.7'",
            "version": "==2.16.1"
        },
        "pymysql": {
            "hashes": [
                "sha256:4f13a7df8bf36a51e81dd9f3605fede45a4878fe02f9236349fd82a3f0612f96",
                "sha256:8969ec6d763c856f7073c4c64662882675702efcb114b4bcbb955aea3a069fa7"
            ],
            "index": "pypi",
            "version": "==1.1.0"
        },
        "python-dateutil": {
            "hashes": [
                "sha256:0123cacc1627ae19ddf3c27a5de5bd67ee4586fbdd6440d9748f8abb483d3e86",
                "sha256:961d03dc3453ebbc59dbdea9e4e11c5651520a876d0f4db161e8674aae935da9"
            ],
            "markers": "python_version >= '2.7' and python_version not in '3.0, 3.1, 3.2, 3.3'",
            "version": "==2.8.2"
        },
        "pytz": {
            "hashes": [
                "sha256:7b4fddbeb94a1eba4b557da24f19fdf9db575192544270a9101d8509f9f43d7b",
                "sha256:ce42d816b81b68506614c11e8937d3aa9e41007ceb50bfdcb0749b921bf646c7"
            ],
            "version": "==2023.3.post1"
        },
        "s3transfer": {
            "hashes": [
                "sha256:10d6923c6359175f264811ef4bf6161a3156ce8e350e705396a7557d6293c33a",
                "sha256:fd3889a66f5fe17299fe75b82eae6cf722554edca744ca5d5fe308b104883d2e"
            ],
            "markers": "python_version >= '3.7'",
            "version": "==0.7.0"
        },
        "six": {
            "hashes": [
                "sha256:1e61c37477a1626458e36f7b1d82aa5c9b094fa4802892072e49de9c60c4c926",
                "sha256:8abb2f1d86890a2dfb989f9a77cfcfd3e47c2a354b01111771326f8aa26e0254"
            ],
            "markers": "python_version >= '2.7' and python_version not in '3.0, 3.1, 3.2, 3.3'",
            "version": "==1.16.0"
        },
        "stack-data": {
            "hashes": [
                "sha256:836a778de4fec4dcd1dcd89ed8abff8a221f58308462e1c4aa2a3cf30148f0b9",
                "sha256:d5558e0c25a4cb0853cddad3d77da9891a08cb85dd9f9f91b9f8cd66e511e695"
            ],
            "version": "==0.6.3"
        },
        "traitlets": {
            "hashes": [
                "sha256:81539f07f7aebcde2e4b5ab76727f53eabf18ad155c6ed7979a681411602fa47",
                "sha256:833273bf645d8ce31dcb613c56999e2e055b1ffe6d09168a164bcd91c36d5d35"
            ],
            "markers": "python_full_version >= '3.8.0'",
            "version": "==5.12.0"
        },
        "tzdata": {
            "hashes": [
                "sha256:11ef1e08e54acb0d4f95bdb1be05da659673de4acbd21bf9c69e94cc5e907a3a",
                "sha256:7e65763eef3120314099b6939b5546db7adce1e7d6f2e179e3df563c70511eda"
            ],
            "markers": "python_version >= '2'",
            "version": "==2023.3"
        },
        "urllib3": {
            "hashes": [
                "sha256:c97dfde1f7bd43a71c8d2a58e369e9b2bf692d1334ea9f9cae55add7d0dd0f84",
                "sha256:fdb6d215c776278489906c2f8916e6e7d4f5a9b602ccbcfdf7f016fc8da0596e"
            ],
            "index": "pypi",
            "version": "==2.0.7"
        },
        "wcwidth": {
            "hashes": [
                "sha256:77f719e01648ed600dfa5402c347481c0992263b81a027344f3e1ba25493a704",
                "sha256:8705c569999ffbb4f6a87c6d1b80f324bd6db952f5eb0b95bc07517f4c1813d4"
            ],
            "version": "==0.2.8"
        }
    },
    "develop": {}
}
